
Microsoft Visual Studio Solution File, Format Version 12.00
# Visual Studio Version 17
VisualStudioVersion = 17.14.36623.8
MinimumVisualStudioVersion = 10.0.40219.1
Project("{FAE04EC0-301F-11D3-BF4B-00C04F79EFBC}") = "CrudFaculdade.Api", "CrudFaculdade.Api\CrudFaculdade.Api.csproj", "{D490DA21-1FF6-4661-BD12-EC786193BD1B}"
EndProject
Project("{FAE04EC0-301F-11D3-BF4B-00C04F79EFBC}") = "CrudFaculdade.Web", "CrudFaculdade.Web\CrudFaculdade.Web.csproj", "{C713B13C-8EE4-4A4D-A958-0293F946954F}"
EndProject
Global
	GlobalSection(SolutionConfigurationPlatforms) = preSolution
		Debug|Any CPU = Debug|Any CPU
		Release|Any CPU = Release|Any CPU
	EndGlobalSection
	GlobalSection(ProjectConfigurationPlatforms) = postSolution
		{D490DA21-1FF6-4661-BD12-EC786193BD1B}.Debug|Any CPU.ActiveCfg = Debug|Any CPU
		{D490DA21-1FF6-4661-BD12-EC786193BD1B}.Debug|Any CPU.Build.0 = Debug|Any CPU
		{D490DA21-1FF6-4661-BD12-EC786193BD1B}.Release|Any CPU.ActiveCfg = Release|Any CPU
		{D490DA21-1FF6-4661-BD12-EC786193BD1B}.Release|Any CPU.Build.0 = Release|Any CPU
		{C713B13C-8EE4-4A4D-A958-0293F946954F}.Debug|Any CPU.ActiveCfg = Debug|Any CPU
		{C713B13C-8EE4-4A4D-A958-0293F946954F}.Debug|Any CPU.Build.0 = Debug|Any CPU
		{C713B13C-8EE4-4A4D-A958-0293F946954F}.Release|Any CPU.ActiveCfg = Release|Any CPU
		{C713B13C-8EE4-4A4D-A958-0293F946954F}.Release|Any CPU.Build.0 = Release|Any CPU
	EndGlobalSection
	GlobalSection(SolutionProperties) = preSolution
		HideSolutionNode = FALSE
	EndGlobalSection
	GlobalSection(ExtensibilityGlobals) = postSolution
		SolutionGuid = {8098F4C7-23A9-4536-843C-DF24BB576195}
	EndGlobalSection
EndGlobal
